# This file is automatically @generated by Cargo.
# It is not intended for manual editing.
version = 3

[[package]]
name = "mpcemu-cli"
version = "0.1.0"
dependencies = [
 "mpcemu-v53",
]

[[package]]
name = "mpcemu-core"
version = "0.1.0"

[[package]]
name = "mpcemu-v53"
version = "0.1.0"
dependencies = [
 "mpcemu-core",
]
